# THIS IS AN AUTOGENERATED FILE. DO NOT EDIT THIS FILE DIRECTLY.
# yarn lockfile v1


"@netlify/functions@^2.0.2":
  version "2.0.2"
  resolved "https://registry.yarnpkg.com/@netlify/functions/-/functions-2.0.2.tgz#b5162058434fd00e280e4b28283f6bb8a2840c5c"
  integrity sha512-goWRtaIPUK/q47qLYtfGGj7HgJIRaT0snw7zZ0yeoNTfQfCRwQwvRrMAsXkCsCtq2N2Oo81L26SpkMxEQMk9hg==
  dependencies:
    "@netlify/serverless-functions-api" "1.7.3"
    is-promise "^4.0.0"

"@netlify/node-cookies@^0.1.0":
  version "0.1.0"
  resolved "https://registry.yarnpkg.com/@netlify/node-cookies/-/node-cookies-0.1.0.tgz#dda912ba618527695cf519fafa221c5e6777c612"
  integrity sha512-OAs1xG+FfLX0LoRASpqzVntVV/RpYkgpI0VrUnw2u0Q1qiZUzcPffxRK8HF3gc4GjuhG5ahOEMJ9bswBiZPq0g==

"@netlify/serverless-functions-api@1.7.3":
  version "1.7.3"
  resolved "https://registry.yarnpkg.com/@netlify/serverless-functions-api/-/serverless-functions-api-1.7.3.tgz#74efc650fcbca7c25211bb49df826795cf53f072"
  integrity sha512-n6/7cJlSWvvbBlUOEAbkGyEld80S6KbG/ldQI9OhLfe1lTatgKmrTNIgqVNpaWpUdTgP2OHWFjmFBzkxxBWs5w==
  dependencies:
    "@netlify/node-cookies" "^0.1.0"
    urlpattern-polyfill "8.0.2"

is-promise@^4.0.0:
  version "4.0.0"
  resolved "https://registry.yarnpkg.com/is-promise/-/is-promise-4.0.0.tgz#42ff9f84206c1991d26debf520dd5c01042dd2f3"
  integrity sha512-hvpoI6korhJMnej285dSg6nu1+e6uxs7zG3BYAm5byqDsgJNWwxzM6z6iZiAgQR4TJ30JmBTOwqZUw3WlyH3AQ==

urlpattern-polyfill@8.0.2:
  version "8.0.2"
  resolved "https://registry.yarnpkg.com/urlpattern-polyfill/-/urlpattern-polyfill-8.0.2.tgz#99f096e35eff8bf4b5a2aa7d58a1523d6ebc7ce5"
  integrity sha512-Qp95D4TPJl1kC9SKigDcqgyM2VDVO4RiJc2d4qe5GrYm+zbIQCWWKAFaJNQ4BhdFeDGwBmAxqJBwWSJDb9T3BQ==
